{
  "name": "LeetcodePremiumUnlocker",
  "version": "0.2.0",
  "lockfileVersion": 1,
  "requires": true,
  "dependencies": {
    "dompurify": {
      "version": "3.0.1",
      "resolved": "https://registry.npmjs.org/dompurify/-/dompurify-3.0.1.tgz",
      "integrity": "sha512-60tsgvPKwItxZZdfLmamp0MTcecCta3avOhsLgPZ0qcWt96OasFfhkeIRbJ6br5i0fQawT1/RBGB5L58/Jpwuw=="
    }
  }
}
